
Microsoft Visual Studio Solution File, Format Version 12.00
# Visual Studio 14
VisualStudioVersion = 14.0.25420.1
MinimumVisualStudioVersion = 10.0.40219.1
Project("{FAE04EC0-301F-11D3-BF4B-00C04F79EFBC}") = "KanbanService", "KanbanService\KanbanService.csproj", "{68383705-FCE0-4D4F-A570-C3C5EF3267FC}"
EndProject
Project("{FAE04EC0-301F-11D3-BF4B-00C04F79EFBC}") = "MyJGPush", "..\..\..\..\Documents\Visual Studio 2015\Projects\kanbanService\MyJGPush\MyJGPush.csproj", "{6BB946C6-0661-419E-BD74-21394AAE76DC}"
EndProject
Global
	GlobalSection(SolutionConfigurationPlatforms) = preSolution
		Debug|Any CPU = Debug|Any CPU
		Release|Any CPU = Release|Any CPU
	EndGlobalSection
	GlobalSection(ProjectConfigurationPlatforms) = postSolution
		{68383705-FCE0-4D4F-A570-C3C5EF3267FC}.Debug|Any CPU.ActiveCfg = Debug|Any CPU
		{68383705-FCE0-4D4F-A570-C3C5EF3267FC}.Debug|Any CPU.Build.0 = Debug|Any CPU
		{68383705-FCE0-4D4F-A570-C3C5EF3267FC}.Release|Any CPU.ActiveCfg = Release|Any CPU
		{68383705-FCE0-4D4F-A570-C3C5EF3267FC}.Release|Any CPU.Build.0 = Release|Any CPU
		{6BB946C6-0661-419E-BD74-21394AAE76DC}.Debug|Any CPU.ActiveCfg = Debug|Any CPU
		{6BB946C6-0661-419E-BD74-21394AAE76DC}.Debug|Any CPU.Build.0 = Debug|Any CPU
		{6BB946C6-0661-419E-BD74-21394AAE76DC}.Release|Any CPU.ActiveCfg = Release|Any CPU
		{6BB946C6-0661-419E-BD74-21394AAE76DC}.Release|Any CPU.Build.0 = Release|Any CPU
	EndGlobalSection
	GlobalSection(SolutionProperties) = preSolution
		HideSolutionNode = FALSE
	EndGlobalSection
EndGlobal
